
Microsoft Visual Studio Solution File, Format Version 12.00
# Visual Studio 15
VisualStudioVersion = 15.0.27703.2035
MinimumVisualStudioVersion = 10.0.40219.1
Project("{159641D6-6404-4A2A-AE62-294DE0FE8301}") = "ESFA.DC.Data.Organisations.SSIS", "ESFA.DC.Data.Organisations.SSIS.dtproj", "{33084B7D-1DAE-47F5-B7E0-5FCCBB4CE1F5}"
EndProject
Global
	GlobalSection(SolutionConfigurationPlatforms) = preSolution
		Development|Default = Development|Default
	EndGlobalSection
	GlobalSection(ProjectConfigurationPlatforms) = postSolution
		{33084B7D-1DAE-47F5-B7E0-5FCCBB4CE1F5}.Development|Default.ActiveCfg = Development
		{33084B7D-1DAE-47F5-B7E0-5FCCBB4CE1F5}.Development|Default.Build.0 = Development
	EndGlobalSection
	GlobalSection(SolutionProperties) = preSolution
		HideSolutionNode = FALSE
	EndGlobalSection
	GlobalSection(ExtensibilityGlobals) = postSolution
		SolutionGuid = {61D5462F-D96B-4FF3-B238-95FBA0543C35}
	EndGlobalSection
EndGlobal
